// !$*UTF8*$!
{
	archiveVersion = 1;
	classes = {
	};
	objectVersion = 52;
	objects = {

/* Begin PBXBuildFile section */
		BF28E661264FEED300E460E8 /* AppDelegate.swift in Sources */ = {isa = PBXBuildFile; fileRef = BF28E660264FEED300E460E8 /* AppDelegate.swift */; };
		BF28E663264FEED300E460E8 /* SceneDelegate.swift in Sources */ = {isa = PBXBuildFile; fileRef = BF28E662264FEED300E460E8 /* SceneDelegate.swift */; };
		BF28E668264FEED300E460E8 /* Main.storyboard in Resources */ = {isa = PBXBuildFile; fileRef = BF28E666264FEED300E460E8 /* Main.storyboard */; };
		BF28E66B264FEED300E460E8 /* ToDoList.xcdatamodeld in Sources */ = {isa = PBXBuildFile; fileRef = BF28E669264FEED300E460E8 /* ToDoList.xcdatamodeld */; };
		BF28E66D264FEED500E460E8 /* Assets.xcassets in Resources */ = {isa = PBXBuildFile; fileRef = BF28E66C264FEED500E460E8 /* Assets.xcassets */; };
		BF28E670264FEED500E460E8 /* LaunchScreen.storyboard in Resources */ = {isa = PBXBuildFile; fileRef = BF28E66E264FEED500E460E8 /* LaunchScreen.storyboard */; };
		BF28E680264FF22700E460E8 /* Realm in Frameworks */ = {isa = PBXBuildFile; productRef = BF28E67F264FF22700E460E8 /* Realm */; };
		BF28E682264FF22700E460E8 /* RealmSwift in Frameworks */ = {isa = PBXBuildFile; productRef = BF28E681264FF22700E460E8 /* RealmSwift */; };
		BF28E688265018D000E460E8 /* TaskListViewController.swift in Sources */ = {isa = PBXBuildFile; fileRef = BF28E687265018D000E460E8 /* TaskListViewController.swift */; };
		BF28E68C26501ABB00E460E8 /* TasksViewController.swift in Sources */ = {isa = PBXBuildFile; fileRef = BF28E68B26501ABB00E460E8 /* TasksViewController.swift */; };
		BF28E68F26501B2E00E460E8 /* AlertController.swift in Sources */ = {isa = PBXBuildFile; fileRef = BF28E68E26501B2E00E460E8 /* AlertController.swift */; };
		BF28E69326505AB200E460E8 /* TaskList.swift in Sources */ = {isa = PBXBuildFile; fileRef = BF28E69226505AB200E460E8 /* TaskList.swift */; };
		BF28E697265060DC00E460E8 /* StorageManager.swift in Sources */ = {isa = PBXBuildFile; fileRef = BF28E696265060DC00E460E8 /* StorageManager.swift */; };
		BF28E69A2654220300E460E8 /* DataManager.swift in Sources */ = {isa = PBXBuildFile; fileRef = BF28E6992654220200E460E8 /* DataManager.swift */; };
		BF28E69D265448B800E460E8 /* Extension + UITableViewCell.swift in Sources */ = {isa = PBXBuildFile; fileRef = BF28E69C265448B800E460E8 /* Extension + UITableViewCell.swift */; };
/* End PBXBuildFile section */

/* Begin PBXFileReference section */
		BF28E65D264FEED300E460E8 /* ToDoList.app */ = {isa = PBXFileReference; explicitFileType = wrapper.application; includeInIndex = 0; path = ToDoList.app; sourceTree = BUILT_PRODUCTS_DIR; };
		BF28E660264FEED300E460E8 /* AppDelegate.swift */ = {isa = PBXFileReference; lastKnownFileType = sourcecode.swift; path = AppDelegate.swift; sourceTree = "<group>"; };
		BF28E662264FEED300E460E8 /* SceneDelegate.swift */ = {isa = PBXFileReference; lastKnownFileType = sourcecode.swift; path = SceneDelegate.swift; sourceTree = "<group>"; };
		BF28E667264FEED300E460E8 /* Base */ = {isa = PBXFileReference; lastKnownFileType = file.storyboard; name = Base; path = Base.lproj/Main.storyboard; sourceTree = "<group>"; };
		BF28E66A264FEED300E460E8 /* ToDoList.xcdatamodel */ = {isa = PBXFileReference; lastKnownFileType = wrapper.xcdatamodel; path = ToDoList.xcdatamodel; sourceTree = "<group>"; };
		BF28E66C264FEED500E460E8 /* Assets.xcassets */ = {isa = PBXFileReference; lastKnownFileType = folder.assetcatalog; path = Assets.xcassets; sourceTree = "<group>"; };
		BF28E66F264FEED500E460E8 /* Base */ = {isa = PBXFileReference; lastKnownFileType = file.storyboard; name = Base; path = Base.lproj/LaunchScreen.storyboard; sourceTree = "<group>"; };
		BF28E671264FEED500E460E8 /* Info.plist */ = {isa = PBXFileReference; lastKnownFileType = text.plist.xml; path = Info.plist; sourceTree = "<group>"; };
		BF28E687265018D000E460E8 /* TaskListViewController.swift */ = {isa = PBXFileReference; lastKnownFileType = sourcecode.swift; path = TaskListViewController.swift; sourceTree = "<group>"; };
		BF28E68B26501ABB00E460E8 /* TasksViewController.swift */ = {isa = PBXFileReference; lastKnownFileType = sourcecode.swift; path = TasksViewController.swift; sourceTree = "<group>"; };
		BF28E68E26501B2E00E460E8 /* AlertController.swift */ = {isa = PBXFileReference; lastKnownFileType = sourcecode.swift; path = AlertController.swift; sourceTree = "<group>"; };
		BF28E69226505AB200E460E8 /* TaskList.swift */ = {isa = PBXFileReference; lastKnownFileType = sourcecode.swift; path = TaskList.swift; sourceTree = "<group>"; };
		BF28E696265060DC00E460E8 /* StorageManager.swift */ = {isa = PBXFileReference; lastKnownFileType = sourcecode.swift; path = StorageManager.swift; sourceTree = "<group>"; };
		BF28E6992654220200E460E8 /* DataManager.swift */ = {isa = PBXFileReference; lastKnownFileType = sourcecode.swift; path = DataManager.swift; sourceTree = "<group>"; };
		BF28E69C265448B800E460E8 /* Extension + UITableViewCell.swift */ = {isa = PBXFileReference; lastKnownFileType = sourcecode.swift; path = "Extension + UITableViewCell.swift"; sourceTree = "<group>"; };
/* End PBXFileReference section */

/* Begin PBXFrameworksBuildPhase section */
		BF28E65A264FEED300E460E8 /* Frameworks */ = {
			isa = PBXFrameworksBuildPhase;
			buildActionMask = 2147483647;
			files = (
				BF28E682264FF22700E460E8 /* RealmSwift in Frameworks */,
				BF28E680264FF22700E460E8 /* Realm in Frameworks */,
			);
			runOnlyForDeploymentPostprocessing = 0;
		};
/* End PBXFrameworksBuildPhase section */

/* Begin PBXGroup section */
		BF28E654264FEED300E460E8 = {
			isa = PBXGroup;
			children = (
				BF28E65F264FEED300E460E8 /* ToDoList */,
				BF28E65E264FEED300E460E8 /* Products */,
			);
			sourceTree = "<group>";
		};
		BF28E65E264FEED300E460E8 /* Products */ = {
			isa = PBXGroup;
			children = (
				BF28E65D264FEED300E460E8 /* ToDoList.app */,
			);
			name = Products;
			sourceTree = "<group>";
		};
		BF28E65F264FEED300E460E8 /* ToDoList */ = {
			isa = PBXGroup;
			children = (
				BF28E695265060CA00E460E8 /* Services */,
				BF28E6862650189E00E460E8 /* ViewControllers */,
				BF28E6852650189500E460E8 /* Models */,
				BF28E660264FEED300E460E8 /* AppDelegate.swift */,
				BF28E662264FEED300E460E8 /* SceneDelegate.swift */,
				BF28E666264FEED300E460E8 /* Main.storyboard */,
				BF28E66C264FEED500E460E8 /* Assets.xcassets */,
				BF28E66E264FEED500E460E8 /* LaunchScreen.storyboard */,
				BF28E671264FEED500E460E8 /* Info.plist */,
				BF28E669264FEED300E460E8 /* ToDoList.xcdatamodeld */,
			);
			path = ToDoList;
			sourceTree = "<group>";
		};
		BF28E6852650189500E460E8 /* Models */ = {
			isa = PBXGroup;
			children = (
				BF28E69226505AB200E460E8 /* TaskList.swift */,
			);
			path = Models;
			sourceTree = "<group>";
		};
		BF28E6862650189E00E460E8 /* ViewControllers */ = {
			isa = PBXGroup;
			children = (
				BF28E687265018D000E460E8 /* TaskListViewController.swift */,
				BF28E68B26501ABB00E460E8 /* TasksViewController.swift */,
				BF28E68E26501B2E00E460E8 /* AlertController.swift */,
				BF28E69C265448B800E460E8 /* Extension + UITableViewCell.swift */,
			);
			path = ViewControllers;
			sourceTree = "<group>";
		};
		BF28E695265060CA00E460E8 /* Services */ = {
			isa = PBXGroup;
			children = (
				BF28E696265060DC00E460E8 /* StorageManager.swift */,
				BF28E6992654220200E460E8 /* DataManager.swift */,
			);
			path = Services;
			sourceTree = "<group>";
		};
/* End PBXGroup section */

/* Begin PBXNativeTarget section */
		BF28E65C264FEED300E460E8 /* ToDoList */ = {
			isa = PBXNativeTarget;
			buildConfigurationList = BF28E674264FEED500E460E8 /* Build configuration list for PBXNativeTarget "ToDoList" */;
			buildPhases = (
				BF28E659264FEED300E460E8 /* Sources */,
				BF28E65A264FEED300E460E8 /* Frameworks */,
				BF28E65B264FEED300E460E8 /* Resources */,
			);
			buildRules = (
			);
			dependencies = (
			);
			name = ToDoList;
			packageProductDependencies = (
				BF28E67F264FF22700E460E8 /* Realm */,
				BF28E681264FF22700E460E8 /* RealmSwift */,
			);
			productName = ToDoList;
			productReference = BF28E65D264FEED300E460E8 /* ToDoList.app */;
			productType = "com.apple.product-type.application";
		};
/* End PBXNativeTarget section */

/* Begin PBXProject section */
		BF28E655264FEED300E460E8 /* Project object */ = {
			isa = PBXProject;
			attributes = {
				LastSwiftUpdateCheck = 1240;
				LastUpgradeCheck = 1240;
				TargetAttributes = {
					BF28E65C264FEED300E460E8 = {
						CreatedOnToolsVersion = 12.4;
					};
				};
			};
			buildConfigurationList = BF28E658264FEED300E460E8 /* Build configuration list for PBXProject "ToDoList" */;
			compatibilityVersion = "Xcode 9.3";
			developmentRegion = en;
			hasScannedForEncodings = 0;
			knownRegions = (
				en,
				Base,
			);
			mainGroup = BF28E654264FEED300E460E8;
			packageReferences = (
				BF28E67E264FF22700E460E8 /* XCRemoteSwiftPackageReference "realm-cocoa" */,
			);
			productRefGroup = BF28E65E264FEED300E460E8 /* Products */;
			projectDirPath = "";
			projectRoot = "";
			targets = (
				BF28E65C264FEED300E460E8 /* ToDoList */,
			);
		};
/* End PBXProject section */

/* Begin PBXResourcesBuildPhase section */
		BF28E65B264FEED300E460E8 /* Resources */ = {
			isa = PBXResourcesBuildPhase;
			buildActionMask = 2147483647;
			files = (
				BF28E670264FEED500E460E8 /* LaunchScreen.storyboard in Resources */,
				BF28E66D264FEED500E460E8 /* Assets.xcassets in Resources */,
				BF28E668264FEED300E460E8 /* Main.storyboard in Resources */,
			);
			runOnlyForDeploymentPostprocessing = 0;
		};
/* End PBXResourcesBuildPhase section */

/* Begin PBXSourcesBuildPhase section */
		BF28E659264FEED300E460E8 /* Sources */ = {
			isa = PBXSourcesBuildPhase;
			buildActionMask = 2147483647;
			files = (
				BF28E69326505AB200E460E8 /* TaskList.swift in Sources */,
				BF28E661264FEED300E460E8 /* AppDelegate.swift in Sources */,
				BF28E688265018D000E460E8 /* TaskListViewController.swift in Sources */,
				BF28E68C26501ABB00E460E8 /* TasksViewController.swift in Sources */,
				BF28E663264FEED300E460E8 /* SceneDelegate.swift in Sources */,
				BF28E68F26501B2E00E460E8 /* AlertController.swift in Sources */,
				BF28E66B264FEED300E460E8 /* ToDoList.xcdatamodeld in Sources */,
				BF28E69A2654220300E460E8 /* DataManager.swift in Sources */,
				BF28E697265060DC00E460E8 /* StorageManager.swift in Sources */,
				BF28E69D265448B800E460E8 /* Extension + UITableViewCell.swift in Sources */,
			);
			runOnlyForDeploymentPostprocessing = 0;
		};
/* End PBXSourcesBuildPhase section */

/* Begin PBXVariantGroup section */
		BF28E666264FEED300E460E8 /* Main.storyboard */ = {
			isa = PBXVariantGroup;
			children = (
				BF28E667264FEED300E460E8 /* Base */,
			);
			name = Main.storyboard;
			sourceTree = "<group>";
		};
		BF28E66E264FEED500E460E8 /* LaunchScreen.storyboard */ = {
			isa = PBXVariantGroup;
			children = (
				BF28E66F264FEED500E460E8 /* Base */,
			);
			name = LaunchScreen.storyboard;
			sourceTree = "<group>";
		};
/* End PBXVariantGroup section */

/* Begin XCBuildConfiguration section */
		BF28E672264FEED500E460E8 /* Debug */ = {
			isa = XCBuildConfiguration;
			buildSettings = {
				ALWAYS_SEARCH_USER_PATHS = NO;
				CLANG_ANALYZER_NONNULL = YES;
				CLANG_ANALYZER_NUMBER_OBJECT_CONVERSION = YES_AGGRESSIVE;
				CLANG_CXX_LANGUAGE_STANDARD = "gnu++14";
				CLANG_CXX_LIBRARY = "libc++";
				CLANG_ENABLE_MODULES = YES;
				CLANG_ENABLE_OBJC_ARC = YES;
				CLANG_ENABLE_OBJC_WEAK = YES;
				CLANG_WARN_BLOCK_CAPTURE_AUTORELEASING = YES;
				CLANG_WARN_BOOL_CONVERSION = YES;
				CLANG_WARN_COMMA = YES;
				CLANG_WARN_CONSTANT_CONVERSION = YES;
				CLANG_WARN_DEPRECATED_OBJC_IMPLEMENTATIONS = YES;
				CLANG_WARN_DIRECT_OBJC_ISA_USAGE = YES_ERROR;
				CLANG_WARN_DOCUMENTATION_COMMENTS = YES;
				CLANG_WARN_EMPTY_BODY = YES;
				CLANG_WARN_ENUM_CONVERSION = YES;
				CLANG_WARN_INFINITE_RECURSION = YES;
				CLANG_WARN_INT_CONVERSION = YES;
				CLANG_WARN_NON_LITERAL_NULL_CONVERSION = YES;
				CLANG_WARN_OBJC_IMPLICIT_RETAIN_SELF = YES;
				CLANG_WARN_OBJC_LITERAL_CONVERSION = YES;
				CLANG_WARN_OBJC_ROOT_CLASS = YES_ERROR;
				CLANG_WARN_QUOTED_INCLUDE_IN_FRAMEWORK_HEADER = YES;
				CLANG_WARN_RANGE_LOOP_ANALYSIS = YES;
				CLANG_WARN_STRICT_PROTOTYPES = YES;
				CLANG_WARN_SUSPICIOUS_MOVE = YES;
				CLANG_WARN_UNGUARDED_AVAILABILITY = YES_AGGRESSIVE;
				CLANG_WARN_UNREACHABLE_CODE = YES;
				CLANG_WARN__DUPLICATE_METHOD_MATCH = YES;
				COPY_PHASE_STRIP = NO;
				DEBUG_INFORMATION_FORMAT = dwarf;
				ENABLE_STRICT_OBJC_MSGSEND = YES;
				ENABLE_TESTABILITY = YES;
				GCC_C_LANGUAGE_STANDARD = gnu11;
				GCC_DYNAMIC_NO_PIC = NO;
				GCC_NO_COMMON_BLOCKS = YES;
				GCC_OPTIMIZATION_LEVEL = 0;
				GCC_PREPROCESSOR_DEFINITIONS = (
					"DEBUG=1",
					"$(inherited)",
				);
				GCC_WARN_64_TO_32_BIT_CONVERSION = YES;
				GCC_WARN_ABOUT_RETURN_TYPE = YES_ERROR;
				GCC_WARN_UNDECLARED_SELECTOR = YES;
				GCC_WARN_UNINITIALIZED_AUTOS = YES_AGGRESSIVE;
				GCC_WARN_UNUSED_FUNCTION = YES;
				GCC_WARN_UNUSED_VARIABLE = YES;
				IPHONEOS_DEPLOYMENT_TARGET = 14.4;
				MTL_ENABLE_DEBUG_INFO = INCLUDE_SOURCE;
				MTL_FAST_MATH = YES;
				ONLY_ACTIVE_ARCH = YES;
				SDKROOT = iphoneos;
				SWIFT_ACTIVE_COMPILATION_CONDITIONS = DEBUG;
				SWIFT_OPTIMIZATION_LEVEL = "-Onone";
			};
			name = Debug;
		};
		BF28E673264FEED500E460E8 /* Release */ = {
			isa = XCBuildConfiguration;
			buildSettings = {
				ALWAYS_SEARCH_USER_PATHS = NO;
				CLANG_ANALYZER_NONNULL = YES;
				CLANG_ANALYZER_NUMBER_OBJECT_CONVERSION = YES_AGGRESSIVE;
				CLANG_CXX_LANGUAGE_STANDARD = "gnu++14";
				CLANG_CXX_LIBRARY = "libc++";
				CLANG_ENABLE_MODULES = YES;
				CLANG_ENABLE_OBJC_ARC = YES;
				CLANG_ENABLE_OBJC_WEAK = YES;
				CLANG_WARN_BLOCK_CAPTURE_AUTORELEASING = YES;
				CLANG_WARN_BOOL_CONVERSION = YES;
				CLANG_WARN_COMMA = YES;
				CLANG_WARN_CONSTANT_CONVERSION = YES;
				CLANG_WARN_DEPRECATED_OBJC_IMPLEMENTATIONS = YES;
				CLANG_WARN_DIRECT_OBJC_ISA_USAGE = YES_ERROR;
				CLANG_WARN_DOCUMENTATION_COMMENTS = YES;
				CLANG_WARN_EMPTY_BODY = YES;
				CLANG_WARN_ENUM_CONVERSION = YES;
				CLANG_WARN_INFINITE_RECURSION = YES;
				CLANG_WARN_INT_CONVERSION = YES;
				CLANG_WARN_NON_LITERAL_NULL_CONVERSION = YES;
				CLANG_WARN_OBJC_IMPLICIT_RETAIN_SELF = YES;
				CLANG_WARN_OBJC_LITERAL_CONVERSION = YES;
				CLANG_WARN_OBJC_ROOT_CLASS = YES_ERROR;
				CLANG_WARN_QUOTED_INCLUDE_IN_FRAMEWORK_HEADER = YES;
				CLANG_WARN_RANGE_LOOP_ANALYSIS = YES;
				CLANG_WARN_STRICT_PROTOTYPES = YES;
				CLANG_WARN_SUSPICIOUS_MOVE = YES;
				CLANG_WARN_UNGUARDED_AVAILABILITY = YES_AGGRESSIVE;
				CLANG_WARN_UNREACHABLE_CODE = YES;
				CLANG_WARN__DUPLICATE_METHOD_MATCH = YES;
				COPY_PHASE_STRIP = NO;
				DEBUG_INFORMATION_FORMAT = "dwarf-with-dsym";
				ENABLE_NS_ASSERTIONS = NO;
				ENABLE_STRICT_OBJC_MSGSEND = YES;
				GCC_C_LANGUAGE_STANDARD = gnu11;
				GCC_NO_COMMON_BLOCKS = YES;
				GCC_WARN_64_TO_32_BIT_CONVERSION = YES;
				GCC_WARN_ABOUT_RETURN_TYPE = YES_ERROR;
				GCC_WARN_UNDECLARED_SELECTOR = YES;
				GCC_WARN_UNINITIALIZED_AUTOS = YES_AGGRESSIVE;
				GCC_WARN_UNUSED_FUNCTION = YES;
				GCC_WARN_UNUSED_VARIABLE = YES;
				IPHONEOS_DEPLOYMENT_TARGET = 14.4;
				MTL_ENABLE_DEBUG_INFO = NO;
				MTL_FAST_MATH = YES;
				SDKROOT = iphoneos;
				SWIFT_COMPILATION_MODE = wholemodule;
				SWIFT_OPTIMIZATION_LEVEL = "-O";
				VALIDATE_PRODUCT = YES;
			};
			name = Release;
		};
		BF28E675264FEED500E460E8 /* Debug */ = {
			isa = XCBuildConfiguration;
			buildSettings = {
				ASSETCATALOG_COMPILER_APPICON_NAME = AppIcon;
				ASSETCATALOG_COMPILER_GLOBAL_ACCENT_COLOR_NAME = AccentColor;
				CODE_SIGN_STYLE = Automatic;
				INFOPLIST_FILE = ToDoList/Info.plist;
				LD_RUNPATH_SEARCH_PATHS = (
					"$(inherited)",
					"@executable_path/Frameworks",
				);
				PRODUCT_BUNDLE_IDENTIFIER = ru.DrankinaElena.ToDoList;
				PRODUCT_NAME = "$(TARGET_NAME)";
				SWIFT_VERSION = 5.0;
				TARGETED_DEVICE_FAMILY = "1,2";
			};
			name = Debug;
		};
		BF28E676264FEED500E460E8 /* Release */ = {
			isa = XCBuildConfiguration;
			buildSettings = {
				ASSETCATALOG_COMPILER_APPICON_NAME = AppIcon;
				ASSETCATALOG_COMPILER_GLOBAL_ACCENT_COLOR_NAME = AccentColor;
				CODE_SIGN_STYLE = Automatic;
				INFOPLIST_FILE = ToDoList/Info.plist;
				LD_RUNPATH_SEARCH_PATHS = (
					"$(inherited)",
					"@executable_path/Frameworks",
				);
				PRODUCT_BUNDLE_IDENTIFIER = ru.DrankinaElena.ToDoList;
				PRODUCT_NAME = "$(TARGET_NAME)";
				SWIFT_VERSION = 5.0;
				TARGETED_DEVICE_FAMILY = "1,2";
			};
			name = Release;
		};
/* End XCBuildConfiguration section */

/* Begin XCConfigurationList section */
		BF28E658264FEED300E460E8 /* Build configuration list for PBXProject "ToDoList" */ = {
			isa = XCConfigurationList;
			buildConfigurations = (
				BF28E672264FEED500E460E8 /* Debug */,
				BF28E673264FEED500E460E8 /* Release */,
			);
			defaultConfigurationIsVisible = 0;
			defaultConfigurationName = Release;
		};
		BF28E674264FEED500E460E8 /* Build configuration list for PBXNativeTarget "ToDoList" */ = {
			isa = XCConfigurationList;
			buildConfigurations = (
				BF28E675264FEED500E460E8 /* Debug */,
				BF28E676264FEED500E460E8 /* Release */,
			);
			defaultConfigurationIsVisible = 0;
			defaultConfigurationName = Release;
		};
/* End XCConfigurationList section */

/* Begin XCRemoteSwiftPackageReference section */
		BF28E67E264FF22700E460E8 /* XCRemoteSwiftPackageReference "realm-cocoa" */ = {
			isa = XCRemoteSwiftPackageReference;
			repositoryURL = "https://github.com/realm/realm-cocoa.git";
			requirement = {
				kind = upToNextMajorVersion;
				minimumVersion = 10.7.6;
			};
		};
/* End XCRemoteSwiftPackageReference section */

/* Begin XCSwiftPackageProductDependency section */
		BF28E67F264FF22700E460E8 /* Realm */ = {
			isa = XCSwiftPackageProductDependency;
			package = BF28E67E264FF22700E460E8 /* XCRemoteSwiftPackageReference "realm-cocoa" */;
			productName = Realm;
		};
		BF28E681264FF22700E460E8 /* RealmSwift */ = {
			isa = XCSwiftPackageProductDependency;
			package = BF28E67E264FF22700E460E8 /* XCRemoteSwiftPackageReference "realm-cocoa" */;
			productName = RealmSwift;
		};
/* End XCSwiftPackageProductDependency section */

/* Begin XCVersionGroup section */
		BF28E669264FEED300E460E8 /* ToDoList.xcdatamodeld */ = {
			isa = XCVersionGroup;
			children = (
				BF28E66A264FEED300E460E8 /* ToDoList.xcdatamodel */,
			);
			currentVersion = BF28E66A264FEED300E460E8 /* ToDoList.xcdatamodel */;
			path = ToDoList.xcdatamodeld;
			sourceTree = "<group>";
			versionGroupType = wrapper.xcdatamodel;
		};
/* End XCVersionGroup section */
	};
	rootObject = BF28E655264FEED300E460E8 /* Project object */;
}
